
Microsoft Visual Studio Solution File, Format Version 12.00
# Visual Studio Version 16
VisualStudioVersion = 16.0.32802.440
MinimumVisualStudioVersion = 10.0.40219.1
Project("{FAE04EC0-301F-11D3-BF4B-00C04F79EFBC}") = "ejemplo1", "..\..\..\source\repos\POO 1\ejemplo1\ejemplo1.csproj", "{515B6EE9-FD62-4311-B99D-172A3309F55A}"
EndProject
Global
	GlobalSection(SolutionConfigurationPlatforms) = preSolution
		Debug|Any CPU = Debug|Any CPU
		Release|Any CPU = Release|Any CPU
	EndGlobalSection
	GlobalSection(ProjectConfigurationPlatforms) = postSolution
		{515B6EE9-FD62-4311-B99D-172A3309F55A}.Debug|Any CPU.ActiveCfg = Debug|Any CPU
		{515B6EE9-FD62-4311-B99D-172A3309F55A}.Debug|Any CPU.Build.0 = Debug|Any CPU
		{515B6EE9-FD62-4311-B99D-172A3309F55A}.Release|Any CPU.ActiveCfg = Release|Any CPU
		{515B6EE9-FD62-4311-B99D-172A3309F55A}.Release|Any CPU.Build.0 = Release|Any CPU
	EndGlobalSection
	GlobalSection(SolutionProperties) = preSolution
		HideSolutionNode = FALSE
	EndGlobalSection
	GlobalSection(ExtensibilityGlobals) = postSolution
		SolutionGuid = {02C05987-246B-467F-9F4F-7EF4F92FA6E1}
	EndGlobalSection
EndGlobal
